// !$*UTF8*$!
{
	archiveVersion = 1;
	classes = {
	};
	objectVersion = 55;
	objects = {

/* Begin PBXBuildFile section */
		008DDEA2284D9B8F00FA0A2A /* SignInView.swift in Sources */ = {isa = PBXBuildFile; fileRef = 008DDEA1284D9B8F00FA0A2A /* SignInView.swift */; };
		008DDEA5284D9BA900FA0A2A /* SignUpView.swift in Sources */ = {isa = PBXBuildFile; fileRef = 008DDEA4284D9BA900FA0A2A /* SignUpView.swift */; };
		008DDEA7284D9BC000FA0A2A /* ForgotPasswordView.swift in Sources */ = {isa = PBXBuildFile; fileRef = 008DDEA6284D9BC000FA0A2A /* ForgotPasswordView.swift */; };
		008DDEA9284D9C9B00FA0A2A /* ViewType.swift in Sources */ = {isa = PBXBuildFile; fileRef = 008DDEA8284D9C9B00FA0A2A /* ViewType.swift */; };
		008DDEAB284DB1C000FA0A2A /* Contants.swift in Sources */ = {isa = PBXBuildFile; fileRef = 008DDEAA284DB1C000FA0A2A /* Contants.swift */; };
		008DDEAD284DFFB800FA0A2A /* Delegates.swift in Sources */ = {isa = PBXBuildFile; fileRef = 008DDEAC284DFFB800FA0A2A /* Delegates.swift */; };
		00CB0C40284CF4E90090159F /* AppDelegate.swift in Sources */ = {isa = PBXBuildFile; fileRef = 00CB0C3F284CF4E90090159F /* AppDelegate.swift */; };
		00CB0C44284CF4E90090159F /* ViewController.swift in Sources */ = {isa = PBXBuildFile; fileRef = 00CB0C43284CF4E90090159F /* ViewController.swift */; };
		00CB0C49284CF4EB0090159F /* Assets.xcassets in Resources */ = {isa = PBXBuildFile; fileRef = 00CB0C48284CF4EB0090159F /* Assets.xcassets */; };
		00CB0C4C284CF4EB0090159F /* LaunchScreen.storyboard in Resources */ = {isa = PBXBuildFile; fileRef = 00CB0C4A284CF4EB0090159F /* LaunchScreen.storyboard */; };
/* End PBXBuildFile section */

/* Begin PBXFileReference section */
		008DDEA1284D9B8F00FA0A2A /* SignInView.swift */ = {isa = PBXFileReference; lastKnownFileType = sourcecode.swift; path = SignInView.swift; sourceTree = "<group>"; };
		008DDEA4284D9BA900FA0A2A /* SignUpView.swift */ = {isa = PBXFileReference; lastKnownFileType = sourcecode.swift; path = SignUpView.swift; sourceTree = "<group>"; };
		008DDEA6284D9BC000FA0A2A /* ForgotPasswordView.swift */ = {isa = PBXFileReference; lastKnownFileType = sourcecode.swift; path = ForgotPasswordView.swift; sourceTree = "<group>"; };
		008DDEA8284D9C9B00FA0A2A /* ViewType.swift */ = {isa = PBXFileReference; lastKnownFileType = sourcecode.swift; path = ViewType.swift; sourceTree = "<group>"; };
		008DDEAA284DB1C000FA0A2A /* Contants.swift */ = {isa = PBXFileReference; lastKnownFileType = sourcecode.swift; path = Contants.swift; sourceTree = "<group>"; };
		008DDEAC284DFFB800FA0A2A /* Delegates.swift */ = {isa = PBXFileReference; lastKnownFileType = sourcecode.swift; path = Delegates.swift; sourceTree = "<group>"; };
		00CB0C3C284CF4E90090159F /* AuthorizationApp.app */ = {isa = PBXFileReference; explicitFileType = wrapper.application; includeInIndex = 0; path = AuthorizationApp.app; sourceTree = BUILT_PRODUCTS_DIR; };
		00CB0C3F284CF4E90090159F /* AppDelegate.swift */ = {isa = PBXFileReference; lastKnownFileType = sourcecode.swift; path = AppDelegate.swift; sourceTree = "<group>"; };
		00CB0C43284CF4E90090159F /* ViewController.swift */ = {isa = PBXFileReference; lastKnownFileType = sourcecode.swift; path = ViewController.swift; sourceTree = "<group>"; };
		00CB0C48284CF4EB0090159F /* Assets.xcassets */ = {isa = PBXFileReference; lastKnownFileType = folder.assetcatalog; path = Assets.xcassets; sourceTree = "<group>"; };
		00CB0C4B284CF4EB0090159F /* Base */ = {isa = PBXFileReference; lastKnownFileType = file.storyboard; name = Base; path = Base.lproj/LaunchScreen.storyboard; sourceTree = "<group>"; };
		00CB0C4D284CF4EB0090159F /* Info.plist */ = {isa = PBXFileReference; lastKnownFileType = text.plist.xml; path = Info.plist; sourceTree = "<group>"; };
/* End PBXFileReference section */

/* Begin PBXFrameworksBuildPhase section */
		00CB0C39284CF4E90090159F /* Frameworks */ = {
			isa = PBXFrameworksBuildPhase;
			buildActionMask = 2147483647;
			files = (
			);
			runOnlyForDeploymentPostprocessing = 0;
		};
/* End PBXFrameworksBuildPhase section */

/* Begin PBXGroup section */
		008DDEA3284D9B9600FA0A2A /* Views */ = {
			isa = PBXGroup;
			children = (
				008DDEA1284D9B8F00FA0A2A /* SignInView.swift */,
				008DDEA4284D9BA900FA0A2A /* SignUpView.swift */,
				008DDEA6284D9BC000FA0A2A /* ForgotPasswordView.swift */,
			);
			path = Views;
			sourceTree = "<group>";
		};
		008DDEB0284E03BE00FA0A2A /* Application */ = {
			isa = PBXGroup;
			children = (
				00CB0C3F284CF4E90090159F /* AppDelegate.swift */,
			);
			path = Application;
			sourceTree = "<group>";
		};
		008DDEB1284E03C800FA0A2A /* Resources */ = {
			isa = PBXGroup;
			children = (
				008DDEA8284D9C9B00FA0A2A /* ViewType.swift */,
				008DDEAA284DB1C000FA0A2A /* Contants.swift */,
				008DDEAC284DFFB800FA0A2A /* Delegates.swift */,
				00CB0C48284CF4EB0090159F /* Assets.xcassets */,
				00CB0C4A284CF4EB0090159F /* LaunchScreen.storyboard */,
				00CB0C4D284CF4EB0090159F /* Info.plist */,
			);
			path = Resources;
			sourceTree = "<group>";
		};
		00CB0C33284CF4E90090159F = {
			isa = PBXGroup;
			children = (
				00CB0C3E284CF4E90090159F /* AuthorizationApp */,
				00CB0C3D284CF4E90090159F /* Products */,
			);
			sourceTree = "<group>";
		};
		00CB0C3D284CF4E90090159F /* Products */ = {
			isa = PBXGroup;
			children = (
				00CB0C3C284CF4E90090159F /* AuthorizationApp.app */,
			);
			name = Products;
			sourceTree = "<group>";
		};
		00CB0C3E284CF4E90090159F /* AuthorizationApp */ = {
			isa = PBXGroup;
			children = (
				008DDEB0284E03BE00FA0A2A /* Application */,
				008DDEA3284D9B9600FA0A2A /* Views */,
				00CB0C43284CF4E90090159F /* ViewController.swift */,
				008DDEB1284E03C800FA0A2A /* Resources */,
			);
			path = AuthorizationApp;
			sourceTree = "<group>";
		};
/* End PBXGroup section */

/* Begin PBXNativeTarget section */
		00CB0C3B284CF4E90090159F /* AuthorizationApp */ = {
			isa = PBXNativeTarget;
			buildConfigurationList = 00CB0C50284CF4EB0090159F /* Build configuration list for PBXNativeTarget "AuthorizationApp" */;
			buildPhases = (
				00CB0C38284CF4E90090159F /* Sources */,
				00CB0C39284CF4E90090159F /* Frameworks */,
				00CB0C3A284CF4E90090159F /* Resources */,
			);
			buildRules = (
			);
			dependencies = (
			);
			name = AuthorizationApp;
			productName = AuthorizationApp;
			productReference = 00CB0C3C284CF4E90090159F /* AuthorizationApp.app */;
			productType = "com.apple.product-type.application";
		};
/* End PBXNativeTarget section */

/* Begin PBXProject section */
		00CB0C34284CF4E90090159F /* Project object */ = {
			isa = PBXProject;
			attributes = {
				BuildIndependentTargetsInParallel = 1;
				LastSwiftUpdateCheck = 1340;
				LastUpgradeCheck = 1340;
				TargetAttributes = {
					00CB0C3B284CF4E90090159F = {
						CreatedOnToolsVersion = 13.4;
					};
				};
			};
			buildConfigurationList = 00CB0C37284CF4E90090159F /* Build configuration list for PBXProject "AuthorizationApp" */;
			compatibilityVersion = "Xcode 13.0";
			developmentRegion = en;
			hasScannedForEncodings = 0;
			knownRegions = (
				en,
				Base,
			);
			mainGroup = 00CB0C33284CF4E90090159F;
			productRefGroup = 00CB0C3D284CF4E90090159F /* Products */;
			projectDirPath = "";
			projectRoot = "";
			targets = (
				00CB0C3B284CF4E90090159F /* AuthorizationApp */,
			);
		};
/* End PBXProject section */

/* Begin PBXResourcesBuildPhase section */
		00CB0C3A284CF4E90090159F /* Resources */ = {
			isa = PBXResourcesBuildPhase;
			buildActionMask = 2147483647;
			files = (
				00CB0C4C284CF4EB0090159F /* LaunchScreen.storyboard in Resources */,
				00CB0C49284CF4EB0090159F /* Assets.xcassets in Resources */,
			);
			runOnlyForDeploymentPostprocessing = 0;
		};
/* End PBXResourcesBuildPhase section */

/* Begin PBXSourcesBuildPhase section */
		00CB0C38284CF4E90090159F /* Sources */ = {
			isa = PBXSourcesBuildPhase;
			buildActionMask = 2147483647;
			files = (
				008DDEAD284DFFB800FA0A2A /* Delegates.swift in Sources */,
				008DDEA9284D9C9B00FA0A2A /* ViewType.swift in Sources */,
				008DDEA2284D9B8F00FA0A2A /* SignInView.swift in Sources */,
				00CB0C44284CF4E90090159F /* ViewController.swift in Sources */,
				008DDEAB284DB1C000FA0A2A /* Contants.swift in Sources */,
				008DDEA5284D9BA900FA0A2A /* SignUpView.swift in Sources */,
				008DDEA7284D9BC000FA0A2A /* ForgotPasswordView.swift in Sources */,
				00CB0C40284CF4E90090159F /* AppDelegate.swift in Sources */,
			);
			runOnlyForDeploymentPostprocessing = 0;
		};
/* End PBXSourcesBuildPhase section */

/* Begin PBXVariantGroup section */
		00CB0C4A284CF4EB0090159F /* LaunchScreen.storyboard */ = {
			isa = PBXVariantGroup;
			children = (
				00CB0C4B284CF4EB0090159F /* Base */,
			);
			name = LaunchScreen.storyboard;
			sourceTree = "<group>";
		};
/* End PBXVariantGroup section */

/* Begin XCBuildConfiguration section */
		00CB0C4E284CF4EB0090159F /* Debug */ = {
			isa = XCBuildConfiguration;
			buildSettings = {
				ALWAYS_SEARCH_USER_PATHS = NO;
				CLANG_ANALYZER_NONNULL = YES;
				CLANG_ANALYZER_NUMBER_OBJECT_CONVERSION = YES_AGGRESSIVE;
				CLANG_CXX_LANGUAGE_STANDARD = "gnu++17";
				CLANG_ENABLE_MODULES = YES;
				CLANG_ENABLE_OBJC_ARC = YES;
				CLANG_ENABLE_OBJC_WEAK = YES;
				CLANG_WARN_BLOCK_CAPTURE_AUTORELEASING = YES;
				CLANG_WARN_BOOL_CONVERSION = YES;
				CLANG_WARN_COMMA = YES;
				CLANG_WARN_CONSTANT_CONVERSION = YES;
				CLANG_WARN_DEPRECATED_OBJC_IMPLEMENTATIONS = YES;
				CLANG_WARN_DIRECT_OBJC_ISA_USAGE = YES_ERROR;
				CLANG_WARN_DOCUMENTATION_COMMENTS = YES;
				CLANG_WARN_EMPTY_BODY = YES;
				CLANG_WARN_ENUM_CONVERSION = YES;
				CLANG_WARN_INFINITE_RECURSION = YES;
				CLANG_WARN_INT_CONVERSION = YES;
				CLANG_WARN_NON_LITERAL_NULL_CONVERSION = YES;
				CLANG_WARN_OBJC_IMPLICIT_RETAIN_SELF = YES;
				CLANG_WARN_OBJC_LITERAL_CONVERSION = YES;
				CLANG_WARN_OBJC_ROOT_CLASS = YES_ERROR;
				CLANG_WARN_QUOTED_INCLUDE_IN_FRAMEWORK_HEADER = YES;
				CLANG_WARN_RANGE_LOOP_ANALYSIS = YES;
				CLANG_WARN_STRICT_PROTOTYPES = YES;
				CLANG_WARN_SUSPICIOUS_MOVE = YES;
				CLANG_WARN_UNGUARDED_AVAILABILITY = YES_AGGRESSIVE;
				CLANG_WARN_UNREACHABLE_CODE = YES;
				CLANG_WARN__DUPLICATE_METHOD_MATCH = YES;
				COPY_PHASE_STRIP = NO;
				DEBUG_INFORMATION_FORMAT = dwarf;
				ENABLE_STRICT_OBJC_MSGSEND = YES;
				ENABLE_TESTABILITY = YES;
				GCC_C_LANGUAGE_STANDARD = gnu11;
				GCC_DYNAMIC_NO_PIC = NO;
				GCC_NO_COMMON_BLOCKS = YES;
				GCC_OPTIMIZATION_LEVEL = 0;
				GCC_PREPROCESSOR_DEFINITIONS = (
					"DEBUG=1",
					"$(inherited)",
				);
				GCC_WARN_64_TO_32_BIT_CONVERSION = YES;
				GCC_WARN_ABOUT_RETURN_TYPE = YES_ERROR;
				GCC_WARN_UNDECLARED_SELECTOR = YES;
				GCC_WARN_UNINITIALIZED_AUTOS = YES_AGGRESSIVE;
				GCC_WARN_UNUSED_FUNCTION = YES;
				GCC_WARN_UNUSED_VARIABLE = YES;
				IPHONEOS_DEPLOYMENT_TARGET = 15.5;
				MTL_ENABLE_DEBUG_INFO = INCLUDE_SOURCE;
				MTL_FAST_MATH = YES;
				ONLY_ACTIVE_ARCH = YES;
				SDKROOT = iphoneos;
				SWIFT_ACTIVE_COMPILATION_CONDITIONS = DEBUG;
				SWIFT_OPTIMIZATION_LEVEL = "-Onone";
			};
			name = Debug;
		};
		00CB0C4F284CF4EB0090159F /* Release */ = {
			isa = XCBuildConfiguration;
			buildSettings = {
				ALWAYS_SEARCH_USER_PATHS = NO;
				CLANG_ANALYZER_NONNULL = YES;
				CLANG_ANALYZER_NUMBER_OBJECT_CONVERSION = YES_AGGRESSIVE;
				CLANG_CXX_LANGUAGE_STANDARD = "gnu++17";
				CLANG_ENABLE_MODULES = YES;
				CLANG_ENABLE_OBJC_ARC = YES;
				CLANG_ENABLE_OBJC_WEAK = YES;
				CLANG_WARN_BLOCK_CAPTURE_AUTORELEASING = YES;
				CLANG_WARN_BOOL_CONVERSION = YES;
				CLANG_WARN_COMMA = YES;
				CLANG_WARN_CONSTANT_CONVERSION = YES;
				CLANG_WARN_DEPRECATED_OBJC_IMPLEMENTATIONS = YES;
				CLANG_WARN_DIRECT_OBJC_ISA_USAGE = YES_ERROR;
				CLANG_WARN_DOCUMENTATION_COMMENTS = YES;
				CLANG_WARN_EMPTY_BODY = YES;
				CLANG_WARN_ENUM_CONVERSION = YES;
				CLANG_WARN_INFINITE_RECURSION = YES;
				CLANG_WARN_INT_CONVERSION = YES;
				CLANG_WARN_NON_LITERAL_NULL_CONVERSION = YES;
				CLANG_WARN_OBJC_IMPLICIT_RETAIN_SELF = YES;
				CLANG_WARN_OBJC_LITERAL_CONVERSION = YES;
				CLANG_WARN_OBJC_ROOT_CLASS = YES_ERROR;
				CLANG_WARN_QUOTED_INCLUDE_IN_FRAMEWORK_HEADER = YES;
				CLANG_WARN_RANGE_LOOP_ANALYSIS = YES;
				CLANG_WARN_STRICT_PROTOTYPES = YES;
				CLANG_WARN_SUSPICIOUS_MOVE = YES;
				CLANG_WARN_UNGUARDED_AVAILABILITY = YES_AGGRESSIVE;
				CLANG_WARN_UNREACHABLE_CODE = YES;
				CLANG_WARN__DUPLICATE_METHOD_MATCH = YES;
				COPY_PHASE_STRIP = NO;
				DEBUG_INFORMATION_FORMAT = "dwarf-with-dsym";
				ENABLE_NS_ASSERTIONS = NO;
				ENABLE_STRICT_OBJC_MSGSEND = YES;
				GCC_C_LANGUAGE_STANDARD = gnu11;
				GCC_NO_COMMON_BLOCKS = YES;
				GCC_WARN_64_TO_32_BIT_CONVERSION = YES;
				GCC_WARN_ABOUT_RETURN_TYPE = YES_ERROR;
				GCC_WARN_UNDECLARED_SELECTOR = YES;
				GCC_WARN_UNINITIALIZED_AUTOS = YES_AGGRESSIVE;
				GCC_WARN_UNUSED_FUNCTION = YES;
				GCC_WARN_UNUSED_VARIABLE = YES;
				IPHONEOS_DEPLOYMENT_TARGET = 15.5;
				MTL_ENABLE_DEBUG_INFO = NO;
				MTL_FAST_MATH = YES;
				SDKROOT = iphoneos;
				SWIFT_COMPILATION_MODE = wholemodule;
				SWIFT_OPTIMIZATION_LEVEL = "-O";
				VALIDATE_PRODUCT = YES;
			};
			name = Release;
		};
		00CB0C51284CF4EB0090159F /* Debug */ = {
			isa = XCBuildConfiguration;
			buildSettings = {
				ASSETCATALOG_COMPILER_APPICON_NAME = AppIcon;
				ASSETCATALOG_COMPILER_GLOBAL_ACCENT_COLOR_NAME = AccentColor;
				CODE_SIGN_STYLE = Automatic;
				CURRENT_PROJECT_VERSION = 1;
				DEVELOPMENT_TEAM = 7ZQ39JPT94;
				GENERATE_INFOPLIST_FILE = YES;
				INFOPLIST_FILE = AuthorizationApp/Resources/Info.plist;
				INFOPLIST_KEY_UIApplicationSupportsIndirectInputEvents = YES;
				INFOPLIST_KEY_UILaunchStoryboardName = LaunchScreen;
				INFOPLIST_KEY_UISupportedInterfaceOrientations_iPad = "UIInterfaceOrientationPortrait UIInterfaceOrientationPortraitUpsideDown UIInterfaceOrientationLandscapeLeft UIInterfaceOrientationLandscapeRight";
				INFOPLIST_KEY_UISupportedInterfaceOrientations_iPhone = "UIInterfaceOrientationPortrait UIInterfaceOrientationLandscapeLeft UIInterfaceOrientationLandscapeRight";
				LD_RUNPATH_SEARCH_PATHS = (
					"$(inherited)",
					"@executable_path/Frameworks",
				);
				MARKETING_VERSION = 1.0;
				PRODUCT_BUNDLE_IDENTIFIER = ss.AuthorizationApp;
				PRODUCT_NAME = "$(TARGET_NAME)";
				SWIFT_EMIT_LOC_STRINGS = YES;
				SWIFT_VERSION = 5.0;
				TARGETED_DEVICE_FAMILY = "1,2";
			};
			name = Debug;
		};
		00CB0C52284CF4EB0090159F /* Release */ = {
			isa = XCBuildConfiguration;
			buildSettings = {
				ASSETCATALOG_COMPILER_APPICON_NAME = AppIcon;
				ASSETCATALOG_COMPILER_GLOBAL_ACCENT_COLOR_NAME = AccentColor;
				CODE_SIGN_STYLE = Automatic;
				CURRENT_PROJECT_VERSION = 1;
				DEVELOPMENT_TEAM = 7ZQ39JPT94;
				GENERATE_INFOPLIST_FILE = YES;
				INFOPLIST_FILE = AuthorizationApp/Resources/Info.plist;
				INFOPLIST_KEY_UIApplicationSupportsIndirectInputEvents = YES;
				INFOPLIST_KEY_UILaunchStoryboardName = LaunchScreen;
				INFOPLIST_KEY_UISupportedInterfaceOrientations_iPad = "UIInterfaceOrientationPortrait UIInterfaceOrientationPortraitUpsideDown UIInterfaceOrientationLandscapeLeft UIInterfaceOrientationLandscapeRight";
				INFOPLIST_KEY_UISupportedInterfaceOrientations_iPhone = "UIInterfaceOrientationPortrait UIInterfaceOrientationLandscapeLeft UIInterfaceOrientationLandscapeRight";
				LD_RUNPATH_SEARCH_PATHS = (
					"$(inherited)",
					"@executable_path/Frameworks",
				);
				MARKETING_VERSION = 1.0;
				PRODUCT_BUNDLE_IDENTIFIER = ss.AuthorizationApp;
				PRODUCT_NAME = "$(TARGET_NAME)";
				SWIFT_EMIT_LOC_STRINGS = YES;
				SWIFT_VERSION = 5.0;
				TARGETED_DEVICE_FAMILY = "1,2";
			};
			name = Release;
		};
/* End XCBuildConfiguration section */

/* Begin XCConfigurationList section */
		00CB0C37284CF4E90090159F /* Build configuration list for PBXProject "AuthorizationApp" */ = {
			isa = XCConfigurationList;
			buildConfigurations = (
				00CB0C4E284CF4EB0090159F /* Debug */,
				00CB0C4F284CF4EB0090159F /* Release */,
			);
			defaultConfigurationIsVisible = 0;
			defaultConfigurationName = Release;
		};
		00CB0C50284CF4EB0090159F /* Build configuration list for PBXNativeTarget "AuthorizationApp" */ = {
			isa = XCConfigurationList;
			buildConfigurations = (
				00CB0C51284CF4EB0090159F /* Debug */,
				00CB0C52284CF4EB0090159F /* Release */,
			);
			defaultConfigurationIsVisible = 0;
			defaultConfigurationName = Release;
		};
/* End XCConfigurationList section */
	};
	rootObject = 00CB0C34284CF4E90090159F /* Project object */;
}
